
Microsoft Visual Studio Solution File, Format Version 12.00
# Visual Studio 15
VisualStudioVersion = 15.0.28307.106
MinimumVisualStudioVersion = 10.0.40219.1
Project("{FAE04EC0-301F-11D3-BF4B-00C04F79EFBC}") = "CaptureSelectedScreen", "CaptureSelectedScreen\CaptureSelectedScreen.csproj", "{66F2B624-2237-4A77-9F68-3B85BB1FF762}"
EndProject
Global
	GlobalSection(SolutionConfigurationPlatforms) = preSolution
		Debug|Any CPU = Debug|Any CPU
		Release|Any CPU = Release|Any CPU
	EndGlobalSection
	GlobalSection(ProjectConfigurationPlatforms) = postSolution
		{66F2B624-2237-4A77-9F68-3B85BB1FF762}.Debug|Any CPU.ActiveCfg = Debug|Any CPU
		{66F2B624-2237-4A77-9F68-3B85BB1FF762}.Debug|Any CPU.Build.0 = Debug|Any CPU
		{66F2B624-2237-4A77-9F68-3B85BB1FF762}.Release|Any CPU.ActiveCfg = Release|Any CPU
		{66F2B624-2237-4A77-9F68-3B85BB1FF762}.Release|Any CPU.Build.0 = Release|Any CPU
	EndGlobalSection
	GlobalSection(SolutionProperties) = preSolution
		HideSolutionNode = FALSE
	EndGlobalSection
	GlobalSection(ExtensibilityGlobals) = postSolution
		SolutionGuid = {41CD9295-6E4E-4E5D-A5B1-773DA6121785}
	EndGlobalSection
EndGlobal
